
Microsoft Visual Studio Solution File, Format Version 12.00
# Visual Studio Version 17
VisualStudioVersion = 17.7.34031.279
MinimumVisualStudioVersion = 10.0.40219.1
Project("{FAE04EC0-301F-11D3-BF4B-00C04F79EFBC}") = "AnalizadorDocumentosyCadenas", "AnalizadorDocumentosyCadenas\AnalizadorDocumentosyCadenas.csproj", "{686169E0-7FEE-4469-AA9B-22406F078310}"
EndProject
Global
	GlobalSection(SolutionConfigurationPlatforms) = preSolution
		Debug|Any CPU = Debug|Any CPU
		Release|Any CPU = Release|Any CPU
	EndGlobalSection
	GlobalSection(ProjectConfigurationPlatforms) = postSolution
		{686169E0-7FEE-4469-AA9B-22406F078310}.Debug|Any CPU.ActiveCfg = Debug|Any CPU
		{686169E0-7FEE-4469-AA9B-22406F078310}.Debug|Any CPU.Build.0 = Debug|Any CPU
		{686169E0-7FEE-4469-AA9B-22406F078310}.Release|Any CPU.ActiveCfg = Release|Any CPU
		{686169E0-7FEE-4469-AA9B-22406F078310}.Release|Any CPU.Build.0 = Release|Any CPU
	EndGlobalSection
	GlobalSection(SolutionProperties) = preSolution
		HideSolutionNode = FALSE
	EndGlobalSection
	GlobalSection(ExtensibilityGlobals) = postSolution
		SolutionGuid = {8D0C19E6-911C-42EA-9E1D-B9E1BC786793}
	EndGlobalSection
EndGlobal
